<Solution>
  <Project Path="DB1/DB1.csproj" Id="5beb31bc-44cd-48be-98f5-b66c526c42ef" />
  <Project Path="miniproject/miniproject.csproj" Id="ea2629bb-1ed7-4b35-9f25-9108ec9003e2" />
  <Project Path="OOP1 solutions/OOP1 solutions.csproj" Id="501eaa2b-26ff-464b-aede-e757cdb41282" />
  <Project Path="task2 solutions/task2 solutions.csproj" />
  <Project Path="task3 solutions/task3 solutions.csproj" Id="8bc022f0-b8a6-49be-817d-199eb7f020ab" />
  <Project Path="task4 solutions/task4 solutions.csproj" Id="57fb32bf-4b24-4682-abed-4bc030ab74eb" />
  <Project Path="task5 solutions/task5 solutions.csproj" Id="50b7d751-b977-4a5d-9570-3d173e6719f4" />
</Solution>
